
Microsoft Visual Studio Solution File, Format Version 12.00
# Visual Studio Version 16
VisualStudioVersion = 16.0.31129.286
MinimumVisualStudioVersion = 10.0.40219.1
Project("{9A19103F-16F7-4668-BE54-9A1E7A4F7556}") = "TopLevel", "TopLevel\TopLevel.csproj", "{7B6B0E38-7D51-4897-A4E8-9EE66C8D8F7B}"
EndProject
Project("{FAE04EC0-301F-11D3-BF4B-00C04F79EFBC}") = "Records", "Records\Records.csproj", "{AAD46D3C-5CAA-4CCE-B92F-D210C8F0D4FA}"
EndProject
Global
	GlobalSection(SolutionConfigurationPlatforms) = preSolution
		Debug|Any CPU = Debug|Any CPU
		Release|Any CPU = Release|Any CPU
	EndGlobalSection
	GlobalSection(ProjectConfigurationPlatforms) = postSolution
		{7B6B0E38-7D51-4897-A4E8-9EE66C8D8F7B}.Debug|Any CPU.ActiveCfg = Debug|Any CPU
		{7B6B0E38-7D51-4897-A4E8-9EE66C8D8F7B}.Debug|Any CPU.Build.0 = Debug|Any CPU
		{7B6B0E38-7D51-4897-A4E8-9EE66C8D8F7B}.Release|Any CPU.ActiveCfg = Release|Any CPU
		{7B6B0E38-7D51-4897-A4E8-9EE66C8D8F7B}.Release|Any CPU.Build.0 = Release|Any CPU
		{AAD46D3C-5CAA-4CCE-B92F-D210C8F0D4FA}.Debug|Any CPU.ActiveCfg = Debug|Any CPU
		{AAD46D3C-5CAA-4CCE-B92F-D210C8F0D4FA}.Debug|Any CPU.Build.0 = Debug|Any CPU
		{AAD46D3C-5CAA-4CCE-B92F-D210C8F0D4FA}.Release|Any CPU.ActiveCfg = Release|Any CPU
		{AAD46D3C-5CAA-4CCE-B92F-D210C8F0D4FA}.Release|Any CPU.Build.0 = Release|Any CPU
	EndGlobalSection
	GlobalSection(SolutionProperties) = preSolution
		HideSolutionNode = FALSE
	EndGlobalSection
	GlobalSection(ExtensibilityGlobals) = postSolution
		SolutionGuid = {A6697D36-0403-4852-B693-6C0FB41BFFBD}
	EndGlobalSection
EndGlobal
